{
  "__metadata": {
    "version": 9,
    "cache_key": 0,
    "linker_key": 0
  },
  "entries": {
    "@esbuild/aix-ppc64@npm:0.25.9": {
      "checksum": null,
      "resolution": {
        "resolution": "@esbuild/aix-ppc64@npm:0.25.9",
        "version": "0.25.9",
        "requirements": {
          "cpu": [
            "ppc64"
          ],
          "os": [
            "aix"
          ]
        }
      }
    },
    "@esbuild/android-arm@npm:0.25.9": {
      "checksum": null,
      "resolution": {
        "resolution": "@esbuild/android-arm@npm:0.25.9",
        "version": "0.25.9",
        "requirements": {
          "cpu": [
            "arm"
          ],
          "os": [
            "android"
          ]
        }
      }
    },
    "@esbuild/android-arm64@npm:0.25.9": {
      "checksum": null,
      "resolution": {
        "resolution": "@esbuild/android-arm64@npm:0.25.9",
        "version": "0.25.9",
        "requirements": {
          "cpu": [
            "arm64"
          ],
          "os": [
            "android"
          ]
        }
      }
    },
    "@esbuild/android-x64@npm:0.25.9": {
      "checksum": null,
      "resolution": {
        "resolution": "@esbuild/android-x64@npm:0.25.9",
        "version": "0.25.9",
        "requirements": {
          "cpu": [
            "x64"
          ],
          "os": [
            "android"
          ]
        }
      }
    },
    "@esbuild/darwin-arm64@npm:0.25.9": {
      "checksum": null,
      "resolution": {
        "resolution": "@esbuild/darwin-arm64@npm:0.25.9",
        "version": "0.25.9",
        "requirements": {
          "cpu": [
            "arm64"
          ],
          "os": [
            "darwin"
          ]
        }
      }
    },
    "@esbuild/darwin-x64@npm:0.25.9": {
      "checksum": null,
      "resolution": {
        "resolution": "@esbuild/darwin-x64@npm:0.25.9",
        "version": "0.25.9",
        "requirements": {
          "cpu": [
            "x64"
          ],
          "os": [
            "darwin"
          ]
        }
      }
    },
    "@esbuild/freebsd-arm64@npm:0.25.9": {
      "checksum": null,
      "resolution": {
        "resolution": "@esbuild/freebsd-arm64@npm:0.25.9",
        "version": "0.25.9",
        "requirements": {
          "cpu": [
            "arm64"
          ],
          "os": [
            "freebsd"
          ]
        }
      }
    },
    "@esbuild/freebsd-x64@npm:0.25.9": {
      "checksum": null,
      "resolution": {
        "resolution": "@esbuild/freebsd-x64@npm:0.25.9",
        "version": "0.25.9",
        "requirements": {
          "cpu": [
            "x64"
          ],
          "os": [
            "freebsd"
          ]
        }
      }
    },
    "@esbuild/linux-arm@npm:0.25.9": {
      "checksum": null,
      "resolution": {
        "resolution": "@esbuild/linux-arm@npm:0.25.9",
        "version": "0.25.9",
        "requirements": {
          "cpu": [
            "arm"
          ],
          "os": [
            "linux"
          ]
        }
      }
    },
    "@esbuild/linux-arm64@npm:0.25.9": {
      "checksum": null,
      "resolution": {
        "resolution": "@esbuild/linux-arm64@npm:0.25.9",
        "version": "0.25.9",
        "requirements": {
          "cpu": [
            "arm64"
          ],
          "os": [
            "linux"
          ]
        }
      }
    },
    "@esbuild/linux-ia32@npm:0.25.9": {
      "checksum": null,
      "resolution": {
        "resolution": "@esbuild/linux-ia32@npm:0.25.9",
        "version": "0.25.9",
        "requirements": {
          "cpu": [
            "ia32"
          ],
          "os": [
            "linux"
          ]
        }
      }
    },
    "@esbuild/linux-loong64@npm:0.25.9": {
      "checksum": null,
      "resolution": {
        "resolution": "@esbuild/linux-loong64@npm:0.25.9",
        "version": "0.25.9",
        "requirements": {
          "cpu": [
            "loong64"
          ],
          "os": [
            "linux"
          ]
        }
      }
    },
    "@esbuild/linux-mips64el@npm:0.25.9": {
      "checksum": null,
      "resolution": {
        "resolution": "@esbuild/linux-mips64el@npm:0.25.9",
        "version": "0.25.9",
        "requirements": {
          "cpu": [
            "mips64el"
          ],
          "os": [
            "linux"
          ]
        }
      }
    },
    "@esbuild/linux-ppc64@npm:0.25.9": {
      "checksum": null,
      "resolution": {
        "resolution": "@esbuild/linux-ppc64@npm:0.25.9",
        "version": "0.25.9",
        "requirements": {
          "cpu": [
            "ppc64"
          ],
          "os": [
            "linux"
          ]
        }
      }
    },
    "@esbuild/linux-riscv64@npm:0.25.9": {
      "checksum": null,
      "resolution": {
        "resolution": "@esbuild/linux-riscv64@npm:0.25.9",
        "version": "0.25.9",
        "requirements": {
          "cpu": [
            "riscv64"
          ],
          "os": [
            "linux"
          ]
        }
      }
    },
    "@esbuild/linux-s390x@npm:0.25.9": {
      "checksum": null,
      "resolution": {
        "resolution": "@esbuild/linux-s390x@npm:0.25.9",
        "version": "0.25.9",
        "requirements": {
          "cpu": [
            "s390x"
          ],
          "os": [
            "linux"
          ]
        }
      }
    },
    "@esbuild/linux-x64@npm:0.25.9": {
      "checksum": null,
      "resolution": {
        "resolution": "@esbuild/linux-x64@npm:0.25.9",
        "version": "0.25.9",
        "requirements": {
          "cpu": [
            "x64"
          ],
          "os": [
            "linux"
          ]
        }
      }
    },
    "@esbuild/netbsd-arm64@npm:0.25.9": {
      "checksum": null,
      "resolution": {
        "resolution": "@esbuild/netbsd-arm64@npm:0.25.9",
        "version": "0.25.9",
        "requirements": {
          "cpu": [
            "arm64"
          ],
          "os": [
            "netbsd"
          ]
        }
      }
    },
    "@esbuild/netbsd-x64@npm:0.25.9": {
      "checksum": null,
      "resolution": {
        "resolution": "@esbuild/netbsd-x64@npm:0.25.9",
        "version": "0.25.9",
        "requirements": {
          "cpu": [
            "x64"
          ],
          "os": [
            "netbsd"
          ]
        }
      }
    },
    "@esbuild/openbsd-arm64@npm:0.25.9": {
      "checksum": null,
      "resolution": {
        "resolution": "@esbuild/openbsd-arm64@npm:0.25.9",
        "version": "0.25.9",
        "requirements": {
          "cpu": [
            "arm64"
          ],
          "os": [
            "openbsd"
          ]
        }
      }
    },
    "@esbuild/openbsd-x64@npm:0.25.9": {
      "checksum": null,
      "resolution": {
        "resolution": "@esbuild/openbsd-x64@npm:0.25.9",
        "version": "0.25.9",
        "requirements": {
          "cpu": [
            "x64"
          ],
          "os": [
            "openbsd"
          ]
        }
      }
    },
    "@esbuild/openharmony-arm64@npm:0.25.9": {
      "checksum": null,
      "resolution": {
        "resolution": "@esbuild/openharmony-arm64@npm:0.25.9",
        "version": "0.25.9",
        "requirements": {
          "cpu": [
            "arm64"
          ],
          "os": [
            "openharmony"
          ]
        }
      }
    },
    "@esbuild/sunos-x64@npm:0.25.9": {
      "checksum": null,
      "resolution": {
        "resolution": "@esbuild/sunos-x64@npm:0.25.9",
        "version": "0.25.9",
        "requirements": {
          "cpu": [
            "x64"
          ],
          "os": [
            "sunos"
          ]
        }
      }
    },
    "@esbuild/win32-arm64@npm:0.25.9": {
      "checksum": null,
      "resolution": {
        "resolution": "@esbuild/win32-arm64@npm:0.25.9",
        "version": "0.25.9",
        "requirements": {
          "cpu": [
            "arm64"
          ],
          "os": [
            "win32"
          ]
        }
      }
    },
    "@esbuild/win32-ia32@npm:0.25.9": {
      "checksum": null,
      "resolution": {
        "resolution": "@esbuild/win32-ia32@npm:0.25.9",
        "version": "0.25.9",
        "requirements": {
          "cpu": [
            "ia32"
          ],
          "os": [
            "win32"
          ]
        }
      }
    },
    "@esbuild/win32-x64@npm:0.25.9": {
      "checksum": null,
      "resolution": {
        "resolution": "@esbuild/win32-x64@npm:0.25.9",
        "version": "0.25.9",
        "requirements": {
          "cpu": [
            "x64"
          ],
          "os": [
            "win32"
          ]
        }
      }
    },
    "@types/lodash@npm:^4.17.17": {
      "checksum": "02ef05a5b867ffdfef893cdd789a6eb5d94ceae415d0a197b23854fa534f3108f4766f644e0dddb88e4e54cede5c3cebb741ab5a13671da3485520fe8f8759fb",
      "resolution": {
        "resolution": "@types/lodash@npm:4.17.20",
        "version": "4.17.20"
      }
    },
    "@types/node@npm:^22.15.20": {
      "checksum": "0c693bfbf375ec6408653b68f580a1753563143d8d9facd6564215bd523376c674dd8a1c7b0dcbaa472f64134886129db23711358a82dcdcd283c4202efe8722",
      "resolution": {
        "resolution": "@types/node@npm:22.18.1",
        "version": "22.18.1",
        "dependencies": {
          "undici-types": "~6.21.0"
        }
      }
    },
    "@types/node@npm:^24.0.10": {
      "checksum": "35f68602bede6c23b30f3a1d341dfe3b3c8f6a0c2dc4826d74c2e2c58df9708868d7e5806e28f343d8554c0684c1b34fcccfd89dde6c999eca0c3458fea7d41d",
      "resolution": {
        "resolution": "@types/node@npm:24.3.1",
        "version": "24.3.1",
        "dependencies": {
          "undici-types": "~7.10.0"
        }
      }
    },
    "@yarnpkg/types@npm:^4.0.1": {
      "checksum": "778be8abfc730f54cce12850187690546e2bc87c095abf0cda57df0bcc0950c2ca9fbb62b1c024e8f3bea1db48718503133a81dbdc76349b95b4f37761d10b74",
      "resolution": {
        "resolution": "@yarnpkg/types@npm:4.0.1",
        "version": "4.0.1",
        "dependencies": {
          "tslib": "^2.4.0"
        }
      }
    },
    "clipanion@npm:^4.0.0-rc.4": {
      "checksum": "9175b23c2beb4ecb1cee163da2d3e9448c7f45e15bbffa5fcd95c84dabb42f3d828ef24dc11e1c555287876e7a2aed166274444c958dcd73c7c634027cb239bc",
      "resolution": {
        "resolution": "clipanion@npm:4.0.0-rc.4",
        "version": "4.0.0-rc.4",
        "dependencies": {
          "typanion": "^3.8.0"
        },
        "peerDependencies": {
          "typanion": "*"
        }
      }
    },
    "esbuild@npm:^0.25.5": {
      "checksum": "925109bd32a7c2f920ffe062cb1dae4d9c9b9b3eaea79e27fc0ae2429db03c3ad758f233e00881b02830522982c8617a668a89b096e6333d338d839d90579756",
      "resolution": {
        "resolution": "esbuild@npm:0.25.9",
        "version": "0.25.9",
        "dependencies": {
          "@esbuild/aix-ppc64": "0.25.9",
          "@esbuild/android-arm": "0.25.9",
          "@esbuild/android-arm64": "0.25.9",
          "@esbuild/android-x64": "0.25.9",
          "@esbuild/darwin-arm64": "0.25.9",
          "@esbuild/darwin-x64": "0.25.9",
          "@esbuild/freebsd-arm64": "0.25.9",
          "@esbuild/freebsd-x64": "0.25.9",
          "@esbuild/linux-arm": "0.25.9",
          "@esbuild/linux-arm64": "0.25.9",
          "@esbuild/linux-ia32": "0.25.9",
          "@esbuild/linux-loong64": "0.25.9",
          "@esbuild/linux-mips64el": "0.25.9",
          "@esbuild/linux-ppc64": "0.25.9",
          "@esbuild/linux-riscv64": "0.25.9",
          "@esbuild/linux-s390x": "0.25.9",
          "@esbuild/linux-x64": "0.25.9",
          "@esbuild/netbsd-arm64": "0.25.9",
          "@esbuild/netbsd-x64": "0.25.9",
          "@esbuild/openbsd-arm64": "0.25.9",
          "@esbuild/openbsd-x64": "0.25.9",
          "@esbuild/openharmony-arm64": "0.25.9",
          "@esbuild/sunos-x64": "0.25.9",
          "@esbuild/win32-arm64": "0.25.9",
          "@esbuild/win32-ia32": "0.25.9",
          "@esbuild/win32-x64": "0.25.9"
        },
        "optionalDependencies": [
          "@esbuild/aix-ppc64",
          "@esbuild/android-arm",
          "@esbuild/android-arm64",
          "@esbuild/android-x64",
          "@esbuild/darwin-arm64",
          "@esbuild/darwin-x64",
          "@esbuild/freebsd-arm64",
          "@esbuild/freebsd-x64",
          "@esbuild/linux-arm",
          "@esbuild/linux-arm64",
          "@esbuild/linux-ia32",
          "@esbuild/linux-loong64",
          "@esbuild/linux-mips64el",
          "@esbuild/linux-ppc64",
          "@esbuild/linux-riscv64",
          "@esbuild/linux-s390x",
          "@esbuild/linux-x64",
          "@esbuild/netbsd-arm64",
          "@esbuild/netbsd-x64",
          "@esbuild/openbsd-arm64",
          "@esbuild/openbsd-x64",
          "@esbuild/openharmony-arm64",
          "@esbuild/sunos-x64",
          "@esbuild/win32-arm64",
          "@esbuild/win32-ia32",
          "@esbuild/win32-x64"
        ]
      },
      "flags": {
        "build_commands": [
          {
            "type": "Script",
            "event": "postinstall",
            "script": "node install.js"
          }
        ]
      }
    },
    "lodash@npm:^4.17.21": {
      "checksum": "9c92ff31a61e1bb60f9c6629c19d5f4db12d60abd0b975b429e8349c947d98c9b343b49a58b74c7ad5bdb3afd0fc0bfdb82968b70fade7388716ea3c82153042",
      "resolution": {
        "resolution": "lodash@npm:4.17.21",
        "version": "4.17.21"
      }
    },
    "root-workspace@workspace:^": {
      "checksum": null,
      "resolution": {
        "resolution": "root-workspace@workspace:root-workspace",
        "version": "0.0.0",
        "dependencies": {
          "@types/lodash": "^4.17.17",
          "@types/node": "^22.15.20",
          "@yarnpkg/types": "^4.0.1",
          "clipanion": "^4.0.0-rc.4",
          "esbuild": "^0.25.5",
          "lodash": "^4.17.21",
          "typescript": "^5.8.3"
        }
      },
      "flags": {
        "prefer_extracted": false
      }
    },
    "tslib@npm:^2.4.0": {
      "checksum": "7e5be2c22c37f0762021f1f1523e3390841bf35d3c26b88ba811e1f4d0caa4af99448ab50b2c5003c629798151e8301ee9b4f5af15afc68013bb5e9364f416b6",
      "resolution": {
        "resolution": "tslib@npm:2.8.1",
        "version": "2.8.1"
      }
    },
    "typanion@npm:^3.8.0": {
      "checksum": "06f82ac43db85fb3a60b5b027dcf958ad04b7b0350f40f42fbbe11da8d36c5c50ab1f089e7410cab0dcb9a6d0ea65dbec5b3b616687dd95028b5ea2bec14d9b6",
      "resolution": {
        "resolution": "typanion@npm:3.14.0",
        "version": "3.14.0"
      }
    },
    "typescript@npm:^5.8.3": {
      "checksum": "e14739a0c31f779c8ec73cee5ca1fb75dcb36f04458faa3e20ae787d11ebb13e0d34c1d3d77b687b4a4f09761d6a9d7bc1d2da7926dd65270ea42eb360a0071c",
      "resolution": {
        "resolution": "typescript@npm:5.9.2",
        "version": "5.9.2"
      }
    },
    "typescript@patch:typescript%40npm%3A%5E5.8.3#<builtin>": {
      "checksum": "a8a4a2d4269edc7233e8f3863324d92884e32eccf831623649821afc7b340fd775c5157b8071b359172d51a2de4c22fca8dc36efbd9aa30d88580da90bc69f5a",
      "resolution": {
        "resolution": "typescript@patch:typescript%40npm%3A5.9.2#<builtin>&checksum=112fa7c8f2b0a70cad690e274067371ec56b5b10b3563ccb108397127d71ae1ba42d51780238b6c7e517cc2b6710a106f89dd53ede004418a9a818b06656546a",
        "version": "5.9.2"
      }
    },
    "undici-types@npm:~6.21.0": {
      "checksum": "d59dc444c5a1381e4a6e6865ff6e04a5e3d309c2b2d75ed088e2bab48dd2e6a18786ca5cb82b4f52b78285f97f61932f1a60cadc118a675f9d1410293bde4115",
      "resolution": {
        "resolution": "undici-types@npm:6.21.0",
        "version": "6.21.0"
      }
    },
    "undici-types@npm:~7.10.0": {
      "checksum": "e28419de70512c73a9a3dd6eda06642c48d27fb72de99a2ba2e8484ed4cb6fd184c55c5f150fb7f841c225dc9cb1fcf47b3dbce6af211509c9f5f14cce4f19d8",
      "resolution": {
        "resolution": "undici-types@npm:7.10.0",
        "version": "7.10.0"
      }
    },
    "zpm-constraints@workspace:^": {
      "checksum": null,
      "resolution": {
        "resolution": "zpm-constraints@workspace:zpm-constraints",
        "version": "0.0.0",
        "dependencies": {
          "@types/lodash": "^4.17.17",
          "@types/node": "^24.0.10",
          "@yarnpkg/types": "^4.0.1",
          "esbuild": "^0.25.5",
          "lodash": "^4.17.21"
        }
      },
      "flags": {
        "prefer_extracted": false
      }
    }
  }
}