{
  "__metadata": {
    "version": 9,
    "cache_key": 0,
    "linker_key": 0
  },
  "entries": {
    "@esbuild/aix-ppc64@npm:0.25.9": {
      "checksum": null,
      "resolution": {
        "resolution": "@esbuild/aix-ppc64@npm:0.25.9",
        "version": "0.25.9",
        "requirements": {
          "cpu": [
            "ppc64"
          ],
          "os": [
            "aix"
          ]
        }
      }
    },
    "@esbuild/android-arm@npm:0.25.9": {
      "checksum": null,
      "resolution": {
        "resolution": "@esbuild/android-arm@npm:0.25.9",
        "version": "0.25.9",
        "requirements": {
          "cpu": [
            "arm"
          ],
          "os": [
            "android"
          ]
        }
      }
    },
    "@esbuild/android-arm64@npm:0.25.9": {
      "checksum": null,
      "resolution": {
        "resolution": "@esbuild/android-arm64@npm:0.25.9",
        "version": "0.25.9",
        "requirements": {
          "cpu": [
            "arm64"
          ],
          "os": [
            "android"
          ]
        }
      }
    },
    "@esbuild/android-x64@npm:0.25.9": {
      "checksum": null,
      "resolution": {
        "resolution": "@esbuild/android-x64@npm:0.25.9",
        "version": "0.25.9",
        "requirements": {
          "cpu": [
            "x64"
          ],
          "os": [
            "android"
          ]
        }
      }
    },
    "@esbuild/darwin-arm64@npm:0.25.9": {
      "checksum": null,
      "resolution": {
        "resolution": "@esbuild/darwin-arm64@npm:0.25.9",
        "version": "0.25.9",
        "requirements": {
          "cpu": [
            "arm64"
          ],
          "os": [
            "darwin"
          ]
        }
      }
    },
    "@esbuild/darwin-x64@npm:0.25.9": {
      "checksum": null,
      "resolution": {
        "resolution": "@esbuild/darwin-x64@npm:0.25.9",
        "version": "0.25.9",
        "requirements": {
          "cpu": [
            "x64"
          ],
          "os": [
            "darwin"
          ]
        }
      }
    },
    "@esbuild/freebsd-arm64@npm:0.25.9": {
      "checksum": null,
      "resolution": {
        "resolution": "@esbuild/freebsd-arm64@npm:0.25.9",
        "version": "0.25.9",
        "requirements": {
          "cpu": [
            "arm64"
          ],
          "os": [
            "freebsd"
          ]
        }
      }
    },
    "@esbuild/freebsd-x64@npm:0.25.9": {
      "checksum": null,
      "resolution": {
        "resolution": "@esbuild/freebsd-x64@npm:0.25.9",
        "version": "0.25.9",
        "requirements": {
          "cpu": [
            "x64"
          ],
          "os": [
            "freebsd"
          ]
        }
      }
    },
    "@esbuild/linux-arm@npm:0.25.9": {
      "checksum": null,
      "resolution": {
        "resolution": "@esbuild/linux-arm@npm:0.25.9",
        "version": "0.25.9",
        "requirements": {
          "cpu": [
            "arm"
          ],
          "os": [
            "linux"
          ]
        }
      }
    },
    "@esbuild/linux-arm64@npm:0.25.9": {
      "checksum": null,
      "resolution": {
        "resolution": "@esbuild/linux-arm64@npm:0.25.9",
        "version": "0.25.9",
        "requirements": {
          "cpu": [
            "arm64"
          ],
          "os": [
            "linux"
          ]
        }
      }
    },
    "@esbuild/linux-ia32@npm:0.25.9": {
      "checksum": null,
      "resolution": {
        "resolution": "@esbuild/linux-ia32@npm:0.25.9",
        "version": "0.25.9",
        "requirements": {
          "cpu": [
            "ia32"
          ],
          "os": [
            "linux"
          ]
        }
      }
    },
    "@esbuild/linux-loong64@npm:0.25.9": {
      "checksum": null,
      "resolution": {
        "resolution": "@esbuild/linux-loong64@npm:0.25.9",
        "version": "0.25.9",
        "requirements": {
          "cpu": [
            "loong64"
          ],
          "os": [
            "linux"
          ]
        }
      }
    },
    "@esbuild/linux-mips64el@npm:0.25.9": {
      "checksum": null,
      "resolution": {
        "resolution": "@esbuild/linux-mips64el@npm:0.25.9",
        "version": "0.25.9",
        "requirements": {
          "cpu": [
            "mips64el"
          ],
          "os": [
            "linux"
          ]
        }
      }
    },
    "@esbuild/linux-ppc64@npm:0.25.9": {
      "checksum": null,
      "resolution": {
        "resolution": "@esbuild/linux-ppc64@npm:0.25.9",
        "version": "0.25.9",
        "requirements": {
          "cpu": [
            "ppc64"
          ],
          "os": [
            "linux"
          ]
        }
      }
    },
    "@esbuild/linux-riscv64@npm:0.25.9": {
      "checksum": null,
      "resolution": {
        "resolution": "@esbuild/linux-riscv64@npm:0.25.9",
        "version": "0.25.9",
        "requirements": {
          "cpu": [
            "riscv64"
          ],
          "os": [
            "linux"
          ]
        }
      }
    },
    "@esbuild/linux-s390x@npm:0.25.9": {
      "checksum": null,
      "resolution": {
        "resolution": "@esbuild/linux-s390x@npm:0.25.9",
        "version": "0.25.9",
        "requirements": {
          "cpu": [
            "s390x"
          ],
          "os": [
            "linux"
          ]
        }
      }
    },
    "@esbuild/linux-x64@npm:0.25.9": {
      "checksum": null,
      "resolution": {
        "resolution": "@esbuild/linux-x64@npm:0.25.9",
        "version": "0.25.9",
        "requirements": {
          "cpu": [
            "x64"
          ],
          "os": [
            "linux"
          ]
        }
      }
    },
    "@esbuild/netbsd-arm64@npm:0.25.9": {
      "checksum": null,
      "resolution": {
        "resolution": "@esbuild/netbsd-arm64@npm:0.25.9",
        "version": "0.25.9",
        "requirements": {
          "cpu": [
            "arm64"
          ],
          "os": [
            "netbsd"
          ]
        }
      }
    },
    "@esbuild/netbsd-x64@npm:0.25.9": {
      "checksum": null,
      "resolution": {
        "resolution": "@esbuild/netbsd-x64@npm:0.25.9",
        "version": "0.25.9",
        "requirements": {
          "cpu": [
            "x64"
          ],
          "os": [
            "netbsd"
          ]
        }
      }
    },
    "@esbuild/openbsd-arm64@npm:0.25.9": {
      "checksum": null,
      "resolution": {
        "resolution": "@esbuild/openbsd-arm64@npm:0.25.9",
        "version": "0.25.9",
        "requirements": {
          "cpu": [
            "arm64"
          ],
          "os": [
            "openbsd"
          ]
        }
      }
    },
    "@esbuild/openbsd-x64@npm:0.25.9": {
      "checksum": null,
      "resolution": {
        "resolution": "@esbuild/openbsd-x64@npm:0.25.9",
        "version": "0.25.9",
        "requirements": {
          "cpu": [
            "x64"
          ],
          "os": [
            "openbsd"
          ]
        }
      }
    },
    "@esbuild/openharmony-arm64@npm:0.25.9": {
      "checksum": null,
      "resolution": {
        "resolution": "@esbuild/openharmony-arm64@npm:0.25.9",
        "version": "0.25.9",
        "requirements": {
          "cpu": [
            "arm64"
          ],
          "os": [
            "openharmony"
          ]
        }
      }
    },
    "@esbuild/sunos-x64@npm:0.25.9": {
      "checksum": null,
      "resolution": {
        "resolution": "@esbuild/sunos-x64@npm:0.25.9",
        "version": "0.25.9",
        "requirements": {
          "cpu": [
            "x64"
          ],
          "os": [
            "sunos"
          ]
        }
      }
    },
    "@esbuild/win32-arm64@npm:0.25.9": {
      "checksum": null,
      "resolution": {
        "resolution": "@esbuild/win32-arm64@npm:0.25.9",
        "version": "0.25.9",
        "requirements": {
          "cpu": [
            "arm64"
          ],
          "os": [
            "win32"
          ]
        }
      }
    },
    "@esbuild/win32-ia32@npm:0.25.9": {
      "checksum": null,
      "resolution": {
        "resolution": "@esbuild/win32-ia32@npm:0.25.9",
        "version": "0.25.9",
        "requirements": {
          "cpu": [
            "ia32"
          ],
          "os": [
            "win32"
          ]
        }
      }
    },
    "@esbuild/win32-x64@npm:0.25.9": {
      "checksum": null,
      "resolution": {
        "resolution": "@esbuild/win32-x64@npm:0.25.9",
        "version": "0.25.9",
        "requirements": {
          "cpu": [
            "x64"
          ],
          "os": [
            "win32"
          ]
        }
      }
    },
    "@types/lodash@npm:^4.17.17": {
      "checksum": "17b5f850dc4f8a09da57ef7b438e64f5d679c3d0766663110a4c2d32a11a90ce8b85b6b7b6bef82574c9ac8f9592585c7bdba42dc1b76ed7f6daf69fbcd0c4cd",
      "resolution": {
        "resolution": "@types/lodash@npm:4.17.20",
        "version": "4.17.20"
      }
    },
    "@types/node@npm:^22.15.20": {
      "checksum": "b67de57060aded1576a4128db21a19dce4e029c01612ecae673ccbe3536c5f2696a797609499b3de81581c3bf5e951ef29428c80eb0b49ca1ff14fe036214505",
      "resolution": {
        "resolution": "@types/node@npm:22.18.1",
        "version": "22.18.1",
        "dependencies": {
          "undici-types": "~6.21.0"
        }
      }
    },
    "@types/node@npm:^24.0.10": {
      "checksum": "c63b48e73c06eec5aee4ae9dfb19dda2e7bf5e69d2368cb7cfa67fa994016388fb467b71fcb40bd01dbf4799e23737258a417f19ce28895db1be431befcf3f3f",
      "resolution": {
        "resolution": "@types/node@npm:24.3.1",
        "version": "24.3.1",
        "dependencies": {
          "undici-types": "~7.10.0"
        }
      }
    },
    "@yarnpkg/types@npm:^4.0.1": {
      "checksum": "74ed4ec3970d9afe35023ed77ee895cad6ac118b42c387c096237ec90bf808287ed810a62e5ec5370eb9b95a7d928933792383e230ffc5a7152bdb52bd2402c9",
      "resolution": {
        "resolution": "@yarnpkg/types@npm:4.0.1",
        "version": "4.0.1",
        "dependencies": {
          "tslib": "^2.4.0"
        }
      }
    },
    "clipanion@npm:^4.0.0-rc.4": {
      "checksum": "d227d26253341c72e0e793f7e4a1b15e624ae648b746cb43452d1aa15358dba55e32608be379e08d4478ba9c0556ba93d3ed7a347db0de81fb9f06472153ffe3",
      "resolution": {
        "resolution": "clipanion@npm:4.0.0-rc.4",
        "version": "4.0.0-rc.4",
        "dependencies": {
          "typanion": "^3.8.0"
        },
        "peerDependencies": {
          "typanion": "*"
        }
      }
    },
    "esbuild@npm:^0.25.5": {
      "checksum": "452afb321bb928c8ddbd19fe221da90fdbd2c03fff221a550c116958a85e66dd5fbe974eb3cea03aff024b5ac4ae3074f6bd032af5a9e085c8523f7435c2812c",
      "resolution": {
        "resolution": "esbuild@npm:0.25.9",
        "version": "0.25.9",
        "dependencies": {
          "@esbuild/aix-ppc64": "0.25.9",
          "@esbuild/android-arm": "0.25.9",
          "@esbuild/android-arm64": "0.25.9",
          "@esbuild/android-x64": "0.25.9",
          "@esbuild/darwin-arm64": "0.25.9",
          "@esbuild/darwin-x64": "0.25.9",
          "@esbuild/freebsd-arm64": "0.25.9",
          "@esbuild/freebsd-x64": "0.25.9",
          "@esbuild/linux-arm": "0.25.9",
          "@esbuild/linux-arm64": "0.25.9",
          "@esbuild/linux-ia32": "0.25.9",
          "@esbuild/linux-loong64": "0.25.9",
          "@esbuild/linux-mips64el": "0.25.9",
          "@esbuild/linux-ppc64": "0.25.9",
          "@esbuild/linux-riscv64": "0.25.9",
          "@esbuild/linux-s390x": "0.25.9",
          "@esbuild/linux-x64": "0.25.9",
          "@esbuild/netbsd-arm64": "0.25.9",
          "@esbuild/netbsd-x64": "0.25.9",
          "@esbuild/openbsd-arm64": "0.25.9",
          "@esbuild/openbsd-x64": "0.25.9",
          "@esbuild/openharmony-arm64": "0.25.9",
          "@esbuild/sunos-x64": "0.25.9",
          "@esbuild/win32-arm64": "0.25.9",
          "@esbuild/win32-ia32": "0.25.9",
          "@esbuild/win32-x64": "0.25.9"
        },
        "optionalDependencies": [
          "@esbuild/aix-ppc64",
          "@esbuild/android-arm",
          "@esbuild/android-arm64",
          "@esbuild/android-x64",
          "@esbuild/darwin-arm64",
          "@esbuild/darwin-x64",
          "@esbuild/freebsd-arm64",
          "@esbuild/freebsd-x64",
          "@esbuild/linux-arm",
          "@esbuild/linux-arm64",
          "@esbuild/linux-ia32",
          "@esbuild/linux-loong64",
          "@esbuild/linux-mips64el",
          "@esbuild/linux-ppc64",
          "@esbuild/linux-riscv64",
          "@esbuild/linux-s390x",
          "@esbuild/linux-x64",
          "@esbuild/netbsd-arm64",
          "@esbuild/netbsd-x64",
          "@esbuild/openbsd-arm64",
          "@esbuild/openbsd-x64",
          "@esbuild/openharmony-arm64",
          "@esbuild/sunos-x64",
          "@esbuild/win32-arm64",
          "@esbuild/win32-ia32",
          "@esbuild/win32-x64"
        ]
      },
      "flags": {
        "build_commands": [
          {
            "type": "Script",
            "event": "postinstall",
            "script": "node install.js"
          }
        ]
      }
    },
    "husky@npm:^9.1.7": {
      "checksum": "2f333356d2ca9b309148d8ff0e2280513ab3716af762a4da10faccb89e328897cb1d935e1359a4996768cad2710b4f789a9c87cc5724e91a06f7f0df8cf0ab5a",
      "resolution": {
        "resolution": "husky@npm:9.1.7",
        "version": "9.1.7"
      }
    },
    "lodash@npm:^4.17.21": {
      "checksum": "b716d2c102dbfd1338b43f4f9b7e50c54a1b924ddeaf2edd8721f98daff991b7f6fb51cb8c7058ebecb30bcd0c0574f0b08454307cca0b188c8075472f05b326",
      "resolution": {
        "resolution": "lodash@npm:4.17.21",
        "version": "4.17.21"
      }
    },
    "root-workspace@workspace:^": {
      "checksum": null,
      "resolution": {
        "resolution": "root-workspace@workspace:root-workspace",
        "version": "0.0.0",
        "dependencies": {
          "@types/lodash": "^4.17.17",
          "@types/node": "^22.15.20",
          "@yarnpkg/types": "^4.0.1",
          "clipanion": "^4.0.0-rc.4",
          "esbuild": "^0.25.5",
          "husky": "^9.1.7",
          "lodash": "^4.17.21",
          "typescript": "^5.8.3"
        }
      },
      "flags": {
        "prefer_extracted": false
      }
    },
    "tslib@npm:^2.4.0": {
      "checksum": "1c9083eb49529c2b172cd78e91d54851d2e7372fdd0dd1502e76f90392e03fa6cd30adcce0fc94801c155314a1e1e23793b022e53491c196718bebc5b573e1e6",
      "resolution": {
        "resolution": "tslib@npm:2.8.1",
        "version": "2.8.1"
      }
    },
    "typanion@npm:^3.8.0": {
      "checksum": "972d2657859eb69cfe7d1f23e265c573e3a501bf55ea57e86ac7b4ed498eb40009e831a3dedc8305b12f7b33db717cfb8530d6c740cc99f42c997ce028d3ad98",
      "resolution": {
        "resolution": "typanion@npm:3.14.0",
        "version": "3.14.0"
      }
    },
    "typescript@npm:^5.8.3": {
      "checksum": "9392b0dd99ae91bb376bfeb0487a869a069525981247b3ecbb41aa1a4ec40cf281f7c2409f9de0ea7f29b3e1fc3dd8ef4b6b3557575c46ac1e41c71babf05a4a",
      "resolution": {
        "resolution": "typescript@npm:5.9.2",
        "version": "5.9.2"
      }
    },
    "typescript@patch:typescript%40npm%3A%5E5.8.3#<builtin>": {
      "checksum": "1c9ce4960a7186b53dd16b6440d46e0aed022bbc5fe876f7e3094bfc5161689ad4e2c18c762092b965ecc8e7fcf566b7947d50e4033ba0dc059fbc919813807f",
      "resolution": {
        "resolution": "typescript@patch:typescript%40npm%3A5.9.2#<builtin>&checksum=112fa7c8f2b0a70cad690e274067371ec56b5b10b3563ccb108397127d71ae1ba42d51780238b6c7e517cc2b6710a106f89dd53ede004418a9a818b06656546a",
        "version": "5.9.2"
      }
    },
    "undici-types@npm:~6.21.0": {
      "checksum": "44fd6fde7a9d1ab9df8f651ba632b6a24efacafc3021d251c6f24a04d78218bf76964e65c07adea92d70c47b1429673da88d1e93bfac3296f5d3e1991e030bab",
      "resolution": {
        "resolution": "undici-types@npm:6.21.0",
        "version": "6.21.0"
      }
    },
    "undici-types@npm:~7.10.0": {
      "checksum": "a57068d1be9e1d4f9d08381444b9c1f08ab853f0392493b81b051113d9afdb871da418acc7e7d79d1832360e8d771445b0ec6572b8b8317991bea486091cac51",
      "resolution": {
        "resolution": "undici-types@npm:7.10.0",
        "version": "7.10.0"
      }
    },
    "zpm-constraints@workspace:^": {
      "checksum": null,
      "resolution": {
        "resolution": "zpm-constraints@workspace:zpm-constraints",
        "version": "0.0.0",
        "dependencies": {
          "@types/lodash": "^4.17.17",
          "@types/node": "^24.0.10",
          "@yarnpkg/types": "^4.0.1",
          "esbuild": "^0.25.5",
          "lodash": "^4.17.21"
        }
      },
      "flags": {
        "prefer_extracted": false
      }
    }
  }
}