{
  "__metadata": {
    "version": 9,
    "cache_key": 0,
    "linker_key": 0
  },
  "entries": {
    "@esbuild/aix-ppc64@npm:0.25.9": {
      "checksum": null,
      "resolution": {
        "resolution": "@esbuild/aix-ppc64@npm:0.25.9",
        "version": "0.25.9",
        "requirements": {
          "cpu": [
            "ppc64"
          ],
          "os": [
            "aix"
          ]
        }
      }
    },
    "@esbuild/android-arm@npm:0.25.9": {
      "checksum": null,
      "resolution": {
        "resolution": "@esbuild/android-arm@npm:0.25.9",
        "version": "0.25.9",
        "requirements": {
          "cpu": [
            "arm"
          ],
          "os": [
            "android"
          ]
        }
      }
    },
    "@esbuild/android-arm64@npm:0.25.9": {
      "checksum": null,
      "resolution": {
        "resolution": "@esbuild/android-arm64@npm:0.25.9",
        "version": "0.25.9",
        "requirements": {
          "cpu": [
            "arm64"
          ],
          "os": [
            "android"
          ]
        }
      }
    },
    "@esbuild/android-x64@npm:0.25.9": {
      "checksum": null,
      "resolution": {
        "resolution": "@esbuild/android-x64@npm:0.25.9",
        "version": "0.25.9",
        "requirements": {
          "cpu": [
            "x64"
          ],
          "os": [
            "android"
          ]
        }
      }
    },
    "@esbuild/darwin-arm64@npm:0.25.9": {
      "checksum": null,
      "resolution": {
        "resolution": "@esbuild/darwin-arm64@npm:0.25.9",
        "version": "0.25.9",
        "requirements": {
          "cpu": [
            "arm64"
          ],
          "os": [
            "darwin"
          ]
        }
      }
    },
    "@esbuild/darwin-x64@npm:0.25.9": {
      "checksum": null,
      "resolution": {
        "resolution": "@esbuild/darwin-x64@npm:0.25.9",
        "version": "0.25.9",
        "requirements": {
          "cpu": [
            "x64"
          ],
          "os": [
            "darwin"
          ]
        }
      }
    },
    "@esbuild/freebsd-arm64@npm:0.25.9": {
      "checksum": null,
      "resolution": {
        "resolution": "@esbuild/freebsd-arm64@npm:0.25.9",
        "version": "0.25.9",
        "requirements": {
          "cpu": [
            "arm64"
          ],
          "os": [
            "freebsd"
          ]
        }
      }
    },
    "@esbuild/freebsd-x64@npm:0.25.9": {
      "checksum": null,
      "resolution": {
        "resolution": "@esbuild/freebsd-x64@npm:0.25.9",
        "version": "0.25.9",
        "requirements": {
          "cpu": [
            "x64"
          ],
          "os": [
            "freebsd"
          ]
        }
      }
    },
    "@esbuild/linux-arm@npm:0.25.9": {
      "checksum": null,
      "resolution": {
        "resolution": "@esbuild/linux-arm@npm:0.25.9",
        "version": "0.25.9",
        "requirements": {
          "cpu": [
            "arm"
          ],
          "os": [
            "linux"
          ]
        }
      }
    },
    "@esbuild/linux-arm64@npm:0.25.9": {
      "checksum": null,
      "resolution": {
        "resolution": "@esbuild/linux-arm64@npm:0.25.9",
        "version": "0.25.9",
        "requirements": {
          "cpu": [
            "arm64"
          ],
          "os": [
            "linux"
          ]
        }
      }
    },
    "@esbuild/linux-ia32@npm:0.25.9": {
      "checksum": null,
      "resolution": {
        "resolution": "@esbuild/linux-ia32@npm:0.25.9",
        "version": "0.25.9",
        "requirements": {
          "cpu": [
            "ia32"
          ],
          "os": [
            "linux"
          ]
        }
      }
    },
    "@esbuild/linux-loong64@npm:0.25.9": {
      "checksum": null,
      "resolution": {
        "resolution": "@esbuild/linux-loong64@npm:0.25.9",
        "version": "0.25.9",
        "requirements": {
          "cpu": [
            "loong64"
          ],
          "os": [
            "linux"
          ]
        }
      }
    },
    "@esbuild/linux-mips64el@npm:0.25.9": {
      "checksum": null,
      "resolution": {
        "resolution": "@esbuild/linux-mips64el@npm:0.25.9",
        "version": "0.25.9",
        "requirements": {
          "cpu": [
            "mips64el"
          ],
          "os": [
            "linux"
          ]
        }
      }
    },
    "@esbuild/linux-ppc64@npm:0.25.9": {
      "checksum": null,
      "resolution": {
        "resolution": "@esbuild/linux-ppc64@npm:0.25.9",
        "version": "0.25.9",
        "requirements": {
          "cpu": [
            "ppc64"
          ],
          "os": [
            "linux"
          ]
        }
      }
    },
    "@esbuild/linux-riscv64@npm:0.25.9": {
      "checksum": null,
      "resolution": {
        "resolution": "@esbuild/linux-riscv64@npm:0.25.9",
        "version": "0.25.9",
        "requirements": {
          "cpu": [
            "riscv64"
          ],
          "os": [
            "linux"
          ]
        }
      }
    },
    "@esbuild/linux-s390x@npm:0.25.9": {
      "checksum": null,
      "resolution": {
        "resolution": "@esbuild/linux-s390x@npm:0.25.9",
        "version": "0.25.9",
        "requirements": {
          "cpu": [
            "s390x"
          ],
          "os": [
            "linux"
          ]
        }
      }
    },
    "@esbuild/linux-x64@npm:0.25.9": {
      "checksum": null,
      "resolution": {
        "resolution": "@esbuild/linux-x64@npm:0.25.9",
        "version": "0.25.9",
        "requirements": {
          "cpu": [
            "x64"
          ],
          "os": [
            "linux"
          ]
        }
      }
    },
    "@esbuild/netbsd-arm64@npm:0.25.9": {
      "checksum": null,
      "resolution": {
        "resolution": "@esbuild/netbsd-arm64@npm:0.25.9",
        "version": "0.25.9",
        "requirements": {
          "cpu": [
            "arm64"
          ],
          "os": [
            "netbsd"
          ]
        }
      }
    },
    "@esbuild/netbsd-x64@npm:0.25.9": {
      "checksum": null,
      "resolution": {
        "resolution": "@esbuild/netbsd-x64@npm:0.25.9",
        "version": "0.25.9",
        "requirements": {
          "cpu": [
            "x64"
          ],
          "os": [
            "netbsd"
          ]
        }
      }
    },
    "@esbuild/openbsd-arm64@npm:0.25.9": {
      "checksum": null,
      "resolution": {
        "resolution": "@esbuild/openbsd-arm64@npm:0.25.9",
        "version": "0.25.9",
        "requirements": {
          "cpu": [
            "arm64"
          ],
          "os": [
            "openbsd"
          ]
        }
      }
    },
    "@esbuild/openbsd-x64@npm:0.25.9": {
      "checksum": null,
      "resolution": {
        "resolution": "@esbuild/openbsd-x64@npm:0.25.9",
        "version": "0.25.9",
        "requirements": {
          "cpu": [
            "x64"
          ],
          "os": [
            "openbsd"
          ]
        }
      }
    },
    "@esbuild/openharmony-arm64@npm:0.25.9": {
      "checksum": null,
      "resolution": {
        "resolution": "@esbuild/openharmony-arm64@npm:0.25.9",
        "version": "0.25.9",
        "requirements": {
          "cpu": [
            "arm64"
          ],
          "os": [
            "openharmony"
          ]
        }
      }
    },
    "@esbuild/sunos-x64@npm:0.25.9": {
      "checksum": null,
      "resolution": {
        "resolution": "@esbuild/sunos-x64@npm:0.25.9",
        "version": "0.25.9",
        "requirements": {
          "cpu": [
            "x64"
          ],
          "os": [
            "sunos"
          ]
        }
      }
    },
    "@esbuild/win32-arm64@npm:0.25.9": {
      "checksum": null,
      "resolution": {
        "resolution": "@esbuild/win32-arm64@npm:0.25.9",
        "version": "0.25.9",
        "requirements": {
          "cpu": [
            "arm64"
          ],
          "os": [
            "win32"
          ]
        }
      }
    },
    "@esbuild/win32-ia32@npm:0.25.9": {
      "checksum": null,
      "resolution": {
        "resolution": "@esbuild/win32-ia32@npm:0.25.9",
        "version": "0.25.9",
        "requirements": {
          "cpu": [
            "ia32"
          ],
          "os": [
            "win32"
          ]
        }
      }
    },
    "@esbuild/win32-x64@npm:0.25.9": {
      "checksum": null,
      "resolution": {
        "resolution": "@esbuild/win32-x64@npm:0.25.9",
        "version": "0.25.9",
        "requirements": {
          "cpu": [
            "x64"
          ],
          "os": [
            "win32"
          ]
        }
      }
    },
    "@types/lodash@npm:^4.17.17": {
      "checksum": "94909551bd183fc22807512fe920d0345ac18c6d26e830c1718b69dc8f449f310f501e9561a2c0c90ca3a70374d55035a193562e185a7b3362ec9b3a51261486",
      "resolution": {
        "resolution": "@types/lodash@npm:4.17.20",
        "version": "4.17.20"
      }
    },
    "@types/node@npm:^22.15.20": {
      "checksum": "56ae174ff572a4eb84acd30aa0d8cd3872e4e5f13dcc6522b666ff954c4e2a5c934a1f3f21dbdc2e4cada272d36047667078c4d7b974a2fba14ffaa90191f4b4",
      "resolution": {
        "resolution": "@types/node@npm:22.18.1",
        "version": "22.18.1",
        "dependencies": {
          "undici-types": "~6.21.0"
        }
      }
    },
    "@types/node@npm:^24.0.10": {
      "checksum": "c4109a319387861517f203b433f9c3ff5acffa8e6ea18650c101b2654b2de102142b487b857f05290905e84683d069eac9de54cd11f99022ebce5af463170057",
      "resolution": {
        "resolution": "@types/node@npm:24.3.1",
        "version": "24.3.1",
        "dependencies": {
          "undici-types": "~7.10.0"
        }
      }
    },
    "@yarnpkg/types@npm:^4.0.1": {
      "checksum": "804820b6b4c4e632a19c17c781ca7e205ae08a395942101478810cc360d23ff31390d50c730ac8338ae2eb0128e90af8e51c6dd76d28505a8e12a02ed91ce425",
      "resolution": {
        "resolution": "@yarnpkg/types@npm:4.0.1",
        "version": "4.0.1",
        "dependencies": {
          "tslib": "^2.4.0"
        }
      }
    },
    "clipanion@npm:^4.0.0-rc.4": {
      "checksum": "4b5daa0fcb77686fc86c95f6b97d146585d3a73b0a7a4eb0f79579972645483fa4a532ac3335cc73435fcd850512e58fbf398e25684780d9efd9fb1d1cd2792e",
      "resolution": {
        "resolution": "clipanion@npm:4.0.0-rc.4",
        "version": "4.0.0-rc.4",
        "dependencies": {
          "typanion": "^3.8.0"
        },
        "peerDependencies": {
          "typanion": "*"
        }
      }
    },
    "esbuild@npm:^0.25.5": {
      "checksum": "22c710e11e04e4cfb81ee8b413b38dcdaf6f1b253ef99c7897df2a2578132d76dc380cfd3c9ada32f2b31e1be499c57fd558d7684fb56df26ef9508cd7c43cc7",
      "resolution": {
        "resolution": "esbuild@npm:0.25.9",
        "version": "0.25.9",
        "dependencies": {
          "@esbuild/aix-ppc64": "0.25.9",
          "@esbuild/android-arm": "0.25.9",
          "@esbuild/android-arm64": "0.25.9",
          "@esbuild/android-x64": "0.25.9",
          "@esbuild/darwin-arm64": "0.25.9",
          "@esbuild/darwin-x64": "0.25.9",
          "@esbuild/freebsd-arm64": "0.25.9",
          "@esbuild/freebsd-x64": "0.25.9",
          "@esbuild/linux-arm": "0.25.9",
          "@esbuild/linux-arm64": "0.25.9",
          "@esbuild/linux-ia32": "0.25.9",
          "@esbuild/linux-loong64": "0.25.9",
          "@esbuild/linux-mips64el": "0.25.9",
          "@esbuild/linux-ppc64": "0.25.9",
          "@esbuild/linux-riscv64": "0.25.9",
          "@esbuild/linux-s390x": "0.25.9",
          "@esbuild/linux-x64": "0.25.9",
          "@esbuild/netbsd-arm64": "0.25.9",
          "@esbuild/netbsd-x64": "0.25.9",
          "@esbuild/openbsd-arm64": "0.25.9",
          "@esbuild/openbsd-x64": "0.25.9",
          "@esbuild/openharmony-arm64": "0.25.9",
          "@esbuild/sunos-x64": "0.25.9",
          "@esbuild/win32-arm64": "0.25.9",
          "@esbuild/win32-ia32": "0.25.9",
          "@esbuild/win32-x64": "0.25.9"
        },
        "optionalDependencies": [
          "@esbuild/aix-ppc64",
          "@esbuild/android-arm",
          "@esbuild/android-arm64",
          "@esbuild/android-x64",
          "@esbuild/darwin-arm64",
          "@esbuild/darwin-x64",
          "@esbuild/freebsd-arm64",
          "@esbuild/freebsd-x64",
          "@esbuild/linux-arm",
          "@esbuild/linux-arm64",
          "@esbuild/linux-ia32",
          "@esbuild/linux-loong64",
          "@esbuild/linux-mips64el",
          "@esbuild/linux-ppc64",
          "@esbuild/linux-riscv64",
          "@esbuild/linux-s390x",
          "@esbuild/linux-x64",
          "@esbuild/netbsd-arm64",
          "@esbuild/netbsd-x64",
          "@esbuild/openbsd-arm64",
          "@esbuild/openbsd-x64",
          "@esbuild/openharmony-arm64",
          "@esbuild/sunos-x64",
          "@esbuild/win32-arm64",
          "@esbuild/win32-ia32",
          "@esbuild/win32-x64"
        ]
      },
      "flags": {
        "build_commands": [
          {
            "type": "Script",
            "event": "postinstall",
            "script": "node install.js"
          }
        ]
      }
    },
    "lodash@npm:^4.17.21": {
      "checksum": "aa57c52a153e28367a6bb1173b04460f291b57e7c8761a5aa9918a8773e56608cb220cfe79bd26fa4bff21648a9ce6849018bb00c0bf213371a3766409bb3706",
      "resolution": {
        "resolution": "lodash@npm:4.17.21",
        "version": "4.17.21"
      }
    },
    "root-workspace@workspace:^": {
      "checksum": null,
      "resolution": {
        "resolution": "root-workspace@workspace:root-workspace",
        "version": "0.0.0",
        "dependencies": {
          "@types/lodash": "^4.17.17",
          "@types/node": "^22.15.20",
          "@yarnpkg/types": "^4.0.1",
          "clipanion": "^4.0.0-rc.4",
          "esbuild": "^0.25.5",
          "lodash": "^4.17.21",
          "typescript": "^5.8.3"
        }
      },
      "flags": {
        "prefer_extracted": false
      }
    },
    "tslib@npm:^2.4.0": {
      "checksum": "cf84b5a3e3542d9b3307c03e5b8d7f8eb03ca432d28b1297a82bfbc162ba73f5995ba353916a05b248580dbd0f61bf086176c0a5877f99b9f0a842d1cf51cc1a",
      "resolution": {
        "resolution": "tslib@npm:2.8.1",
        "version": "2.8.1"
      }
    },
    "typanion@npm:^3.8.0": {
      "checksum": "5b1d3b80514318cc0b4a756fe6370f110d03025c81093938ecdb7bc698cf3809af4b72655a8b0842fea52ea79169052219334721afd6079f86d089a1408e0aea",
      "resolution": {
        "resolution": "typanion@npm:3.14.0",
        "version": "3.14.0"
      }
    },
    "typescript@npm:^5.8.3": {
      "checksum": "d49d1e43f42eba75349106fc2cee2173f9bda26c41dab91251e96595123b42a5ebbad1cfa94222c3169bd9b60f9203aadbd261b8a06c1d8aec82083372c650b9",
      "resolution": {
        "resolution": "typescript@npm:5.9.2",
        "version": "5.9.2"
      }
    },
    "typescript@patch:typescript%40npm%3A%5E5.8.3#<builtin>": {
      "checksum": "04e0920acfce8d9cdbb2256209c2d8d202081ed3864798967a8778dfd5d1fd62bcb27e759fbaadc9da873818bba42b21ffa1517a4632843ea95d2c9a490e709d",
      "resolution": {
        "resolution": "typescript@patch:typescript%40npm%3A5.9.2#<builtin>&checksum=112fa7c8f2b0a70cad690e274067371ec56b5b10b3563ccb108397127d71ae1ba42d51780238b6c7e517cc2b6710a106f89dd53ede004418a9a818b06656546a",
        "version": "5.9.2"
      }
    },
    "undici-types@npm:~6.21.0": {
      "checksum": "6aff936b5792ef2c6dfc21a14f71defbaf921b380df507d085b58dd0308feacac6198978d99c962320b2fd9f97553e3abd55c30493b59c1d73fef74ee67e228e",
      "resolution": {
        "resolution": "undici-types@npm:6.21.0",
        "version": "6.21.0"
      }
    },
    "undici-types@npm:~7.10.0": {
      "checksum": "43d870c42a8a0dbfc88da3255dd84cbec2e30deee04cc8f2ce803b05310f43494b8cb717917cab1340240d16fb77015c210015df9dad00047a74caff820d599c",
      "resolution": {
        "resolution": "undici-types@npm:7.10.0",
        "version": "7.10.0"
      }
    },
    "zpm-constraints@workspace:^": {
      "checksum": null,
      "resolution": {
        "resolution": "zpm-constraints@workspace:zpm-constraints",
        "version": "0.0.0",
        "dependencies": {
          "@types/lodash": "^4.17.17",
          "@types/node": "^24.0.10",
          "@yarnpkg/types": "^4.0.1",
          "esbuild": "^0.25.5",
          "lodash": "^4.17.21"
        }
      },
      "flags": {
        "prefer_extracted": false
      }
    }
  }
}